
Microsoft Visual Studio Solution File, Format Version 12.00
# Visual Studio Version 16
VisualStudioVersion = 16.0.31019.35
MinimumVisualStudioVersion = 10.0.40219.1
Project("{FAE04EC0-301F-11D3-BF4B-00C04F79EFBC}") = "BTL", "BTL\BTL.csproj", "{B1858A84-48ED-4247-A2FB-956AEAD7FA69}"
EndProject
Global
	GlobalSection(SolutionConfigurationPlatforms) = preSolution
		Debug|Any CPU = Debug|Any CPU
		Release|Any CPU = Release|Any CPU
	EndGlobalSection
	GlobalSection(ProjectConfigurationPlatforms) = postSolution
		{B1858A84-48ED-4247-A2FB-956AEAD7FA69}.Debug|Any CPU.ActiveCfg = Debug|Any CPU
		{B1858A84-48ED-4247-A2FB-956AEAD7FA69}.Debug|Any CPU.Build.0 = Debug|Any CPU
		{B1858A84-48ED-4247-A2FB-956AEAD7FA69}.Release|Any CPU.ActiveCfg = Release|Any CPU
		{B1858A84-48ED-4247-A2FB-956AEAD7FA69}.Release|Any CPU.Build.0 = Release|Any CPU
	EndGlobalSection
	GlobalSection(SolutionProperties) = preSolution
		HideSolutionNode = FALSE
	EndGlobalSection
	GlobalSection(ExtensibilityGlobals) = postSolution
		SolutionGuid = {F898B07F-1933-4C4D-9E13-CF74646A0FAF}
	EndGlobalSection
EndGlobal
